
Microsoft Visual Studio Solution File, Format Version 12.00
# Visual Studio Version 16
VisualStudioVersion = 16.0.30907.101
MinimumVisualStudioVersion = 10.0.40219.1
Project("{FAE04EC0-301F-11D3-BF4B-00C04F79EFBC}") = "WebApiSegura", "WebApiSegura\WebApiSegura.csproj", "{5C870E8B-C05B-4EC6-A0A9-281D62B80252}"
EndProject
Global
	GlobalSection(SolutionConfigurationPlatforms) = preSolution
		Debug|Any CPU = Debug|Any CPU
		Release|Any CPU = Release|Any CPU
	EndGlobalSection
	GlobalSection(ProjectConfigurationPlatforms) = postSolution
		{5C870E8B-C05B-4EC6-A0A9-281D62B80252}.Debug|Any CPU.ActiveCfg = Debug|Any CPU
		{5C870E8B-C05B-4EC6-A0A9-281D62B80252}.Debug|Any CPU.Build.0 = Debug|Any CPU
		{5C870E8B-C05B-4EC6-A0A9-281D62B80252}.Release|Any CPU.ActiveCfg = Release|Any CPU
		{5C870E8B-C05B-4EC6-A0A9-281D62B80252}.Release|Any CPU.Build.0 = Release|Any CPU
	EndGlobalSection
	GlobalSection(SolutionProperties) = preSolution
		HideSolutionNode = FALSE
	EndGlobalSection
	GlobalSection(ExtensibilityGlobals) = postSolution
		SolutionGuid = {9BE5EB34-1669-48FE-9DAB-FBDB73C15405}
	EndGlobalSection
EndGlobal
